
Microsoft Visual Studio Solution File, Format Version 12.00
# Visual Studio Version 17
VisualStudioVersion = 17.0.31903.59
MinimumVisualStudioVersion = 10.0.40219.1
Project("{FAE04EC0-301F-11D3-BF4B-00C04F79EFBC}") = "EntityAxis.Abstractions", "EntityAxis.Abstractions\EntityAxis.Abstractions.csproj", "{0671A2D9-725C-42B6-AC5B-F16539638BCC}"
EndProject
Project("{FAE04EC0-301F-11D3-BF4B-00C04F79EFBC}") = "EntityAxis.MediatR", "EntityAxis.MediatR\EntityAxis.MediatR.csproj", "{9F49D4BE-E6DA-41A0-90A7-5FA03D9E1DF1}"
EndProject
Project("{2150E333-8FDC-42A3-9474-1A3956D46DE8}") = "src", "src", "{5949FE96-46EC-4E66-95DD-28BA2F581C5D}"
EndProject
Project("{2150E333-8FDC-42A3-9474-1A3956D46DE8}") = "tst", "tst", "{BC53341F-DA1C-4DC4-A728-131B47AAE418}"
EndProject
Project("{FAE04EC0-301F-11D3-BF4B-00C04F79EFBC}") = "EntityAxis.MediatR.Registration", "EntityAxis.MediatR.Registration\EntityAxis.MediatR.Registration.csproj", "{EE4E5967-CC91-4779-9EAA-5927FDFE87CF}"
EndProject
Project("{FAE04EC0-301F-11D3-BF4B-00C04F79EFBC}") = "EntityAxis.EntityFramework", "EntityAxis.EntityFramework\EntityAxis.EntityFramework.csproj", "{E2328C64-5410-41C9-948C-38F885D418C8}"
EndProject
Project("{2150E333-8FDC-42A3-9474-1A3956D46DE8}") = "Solution", "Solution", "{2016AF18-9F12-4DDF-B20A-76349D4C3E34}"
	ProjectSection(SolutionItems) = preProject
		..\README.md = ..\README.md
	EndProjectSection
EndProject
Project("{FAE04EC0-301F-11D3-BF4B-00C04F79EFBC}") = "EntityAxis.Registration", "EntityAxis.Registration\EntityAxis.Registration.csproj", "{E845FC76-2029-4298-B023-21047B0542F9}"
EndProject
Project("{FAE04EC0-301F-11D3-BF4B-00C04F79EFBC}") = "EntityAxis.Abstractions.Tests", "..\tst\EntityAxis.Abstractions.Tests\EntityAxis.Abstractions.Tests.csproj", "{312C1736-0CD9-4706-9BDB-50F16B3670A8}"
EndProject
Project("{FAE04EC0-301F-11D3-BF4B-00C04F79EFBC}") = "EntityAxis.EntityFramework.Tests", "..\tst\EntityAxis.EntityFramework.Tests\EntityAxis.EntityFramework.Tests.csproj", "{46633899-1C6D-4342-829D-E9F1057AD282}"
EndProject
Project("{FAE04EC0-301F-11D3-BF4B-00C04F79EFBC}") = "EntityAxis.MediatR.Tests", "..\tst\EntityAxis.MediatR.Tests\EntityAxis.MediatR.Tests.csproj", "{E48933C5-409F-4896-95BA-0E45CD03A96A}"
EndProject
Project("{FAE04EC0-301F-11D3-BF4B-00C04F79EFBC}") = "EntityAxis.MediatR.Registration.Tests", "..\tst\EntityAxis.MediatR.Registration.Tests\EntityAxis.MediatR.Registration.Tests.csproj", "{BCC45416-F665-4D51-B7F1-3FCF3073862F}"
EndProject
Project("{FAE04EC0-301F-11D3-BF4B-00C04F79EFBC}") = "EntityAxis.Registration.Tests", "..\tst\EntityAxis.Registration.Tests\EntityAxis.Registration.Tests.csproj", "{DE1453B7-5471-4410-A899-B5A5344BCC0B}"
EndProject
Project("{FAE04EC0-301F-11D3-BF4B-00C04F79EFBC}") = "EntityAxis.Tests.Common", "..\tst\EntityAxis.Tests.Common\EntityAxis.Tests.Common.csproj", "{0C4F7CDA-93DE-4367-8F7B-399E55FAF0BC}"
EndProject
Global
	GlobalSection(SolutionConfigurationPlatforms) = preSolution
		Debug|Any CPU = Debug|Any CPU
		Debug|x64 = Debug|x64
		Debug|x86 = Debug|x86
		Release|Any CPU = Release|Any CPU
		Release|x64 = Release|x64
		Release|x86 = Release|x86
	EndGlobalSection
	GlobalSection(ProjectConfigurationPlatforms) = postSolution
		{0671A2D9-725C-42B6-AC5B-F16539638BCC}.Debug|Any CPU.ActiveCfg = Debug|Any CPU
		{0671A2D9-725C-42B6-AC5B-F16539638BCC}.Debug|Any CPU.Build.0 = Debug|Any CPU
		{0671A2D9-725C-42B6-AC5B-F16539638BCC}.Debug|x64.ActiveCfg = Debug|Any CPU
		{0671A2D9-725C-42B6-AC5B-F16539638BCC}.Debug|x64.Build.0 = Debug|Any CPU
		{0671A2D9-725C-42B6-AC5B-F16539638BCC}.Debug|x86.ActiveCfg = Debug|Any CPU
		{0671A2D9-725C-42B6-AC5B-F16539638BCC}.Debug|x86.Build.0 = Debug|Any CPU
		{0671A2D9-725C-42B6-AC5B-F16539638BCC}.Release|Any CPU.ActiveCfg = Release|Any CPU
		{0671A2D9-725C-42B6-AC5B-F16539638BCC}.Release|Any CPU.Build.0 = Release|Any CPU
		{0671A2D9-725C-42B6-AC5B-F16539638BCC}.Release|x64.ActiveCfg = Release|Any CPU
		{0671A2D9-725C-42B6-AC5B-F16539638BCC}.Release|x64.Build.0 = Release|Any CPU
		{0671A2D9-725C-42B6-AC5B-F16539638BCC}.Release|x86.ActiveCfg = Release|Any CPU
		{0671A2D9-725C-42B6-AC5B-F16539638BCC}.Release|x86.Build.0 = Release|Any CPU
		{9F49D4BE-E6DA-41A0-90A7-5FA03D9E1DF1}.Debug|Any CPU.ActiveCfg = Debug|Any CPU
		{9F49D4BE-E6DA-41A0-90A7-5FA03D9E1DF1}.Debug|Any CPU.Build.0 = Debug|Any CPU
		{9F49D4BE-E6DA-41A0-90A7-5FA03D9E1DF1}.Debug|x64.ActiveCfg = Debug|Any CPU
		{9F49D4BE-E6DA-41A0-90A7-5FA03D9E1DF1}.Debug|x64.Build.0 = Debug|Any CPU
		{9F49D4BE-E6DA-41A0-90A7-5FA03D9E1DF1}.Debug|x86.ActiveCfg = Debug|Any CPU
		{9F49D4BE-E6DA-41A0-90A7-5FA03D9E1DF1}.Debug|x86.Build.0 = Debug|Any CPU
		{9F49D4BE-E6DA-41A0-90A7-5FA03D9E1DF1}.Release|Any CPU.ActiveCfg = Release|Any CPU
		{9F49D4BE-E6DA-41A0-90A7-5FA03D9E1DF1}.Release|Any CPU.Build.0 = Release|Any CPU
		{9F49D4BE-E6DA-41A0-90A7-5FA03D9E1DF1}.Release|x64.ActiveCfg = Release|Any CPU
		{9F49D4BE-E6DA-41A0-90A7-5FA03D9E1DF1}.Release|x64.Build.0 = Release|Any CPU
		{9F49D4BE-E6DA-41A0-90A7-5FA03D9E1DF1}.Release|x86.ActiveCfg = Release|Any CPU
		{9F49D4BE-E6DA-41A0-90A7-5FA03D9E1DF1}.Release|x86.Build.0 = Release|Any CPU
		{EE4E5967-CC91-4779-9EAA-5927FDFE87CF}.Debug|Any CPU.ActiveCfg = Debug|Any CPU
		{EE4E5967-CC91-4779-9EAA-5927FDFE87CF}.Debug|Any CPU.Build.0 = Debug|Any CPU
		{EE4E5967-CC91-4779-9EAA-5927FDFE87CF}.Debug|x64.ActiveCfg = Debug|Any CPU
		{EE4E5967-CC91-4779-9EAA-5927FDFE87CF}.Debug|x64.Build.0 = Debug|Any CPU
		{EE4E5967-CC91-4779-9EAA-5927FDFE87CF}.Debug|x86.ActiveCfg = Debug|Any CPU
		{EE4E5967-CC91-4779-9EAA-5927FDFE87CF}.Debug|x86.Build.0 = Debug|Any CPU
		{EE4E5967-CC91-4779-9EAA-5927FDFE87CF}.Release|Any CPU.ActiveCfg = Release|Any CPU
		{EE4E5967-CC91-4779-9EAA-5927FDFE87CF}.Release|Any CPU.Build.0 = Release|Any CPU
		{EE4E5967-CC91-4779-9EAA-5927FDFE87CF}.Release|x64.ActiveCfg = Release|Any CPU
		{EE4E5967-CC91-4779-9EAA-5927FDFE87CF}.Release|x64.Build.0 = Release|Any CPU
		{EE4E5967-CC91-4779-9EAA-5927FDFE87CF}.Release|x86.ActiveCfg = Release|Any CPU
		{EE4E5967-CC91-4779-9EAA-5927FDFE87CF}.Release|x86.Build.0 = Release|Any CPU
		{E2328C64-5410-41C9-948C-38F885D418C8}.Debug|Any CPU.ActiveCfg = Debug|Any CPU
		{E2328C64-5410-41C9-948C-38F885D418C8}.Debug|Any CPU.Build.0 = Debug|Any CPU
		{E2328C64-5410-41C9-948C-38F885D418C8}.Debug|x64.ActiveCfg = Debug|Any CPU
		{E2328C64-5410-41C9-948C-38F885D418C8}.Debug|x64.Build.0 = Debug|Any CPU
		{E2328C64-5410-41C9-948C-38F885D418C8}.Debug|x86.ActiveCfg = Debug|Any CPU
		{E2328C64-5410-41C9-948C-38F885D418C8}.Debug|x86.Build.0 = Debug|Any CPU
		{E2328C64-5410-41C9-948C-38F885D418C8}.Release|Any CPU.ActiveCfg = Release|Any CPU
		{E2328C64-5410-41C9-948C-38F885D418C8}.Release|Any CPU.Build.0 = Release|Any CPU
		{E2328C64-5410-41C9-948C-38F885D418C8}.Release|x64.ActiveCfg = Release|Any CPU
		{E2328C64-5410-41C9-948C-38F885D418C8}.Release|x64.Build.0 = Release|Any CPU
		{E2328C64-5410-41C9-948C-38F885D418C8}.Release|x86.ActiveCfg = Release|Any CPU
		{E2328C64-5410-41C9-948C-38F885D418C8}.Release|x86.Build.0 = Release|Any CPU
		{E845FC76-2029-4298-B023-21047B0542F9}.Debug|Any CPU.ActiveCfg = Debug|Any CPU
		{E845FC76-2029-4298-B023-21047B0542F9}.Debug|Any CPU.Build.0 = Debug|Any CPU
		{E845FC76-2029-4298-B023-21047B0542F9}.Debug|x64.ActiveCfg = Debug|Any CPU
		{E845FC76-2029-4298-B023-21047B0542F9}.Debug|x64.Build.0 = Debug|Any CPU
		{E845FC76-2029-4298-B023-21047B0542F9}.Debug|x86.ActiveCfg = Debug|Any CPU
		{E845FC76-2029-4298-B023-21047B0542F9}.Debug|x86.Build.0 = Debug|Any CPU
		{E845FC76-2029-4298-B023-21047B0542F9}.Release|Any CPU.ActiveCfg = Release|Any CPU
		{E845FC76-2029-4298-B023-21047B0542F9}.Release|Any CPU.Build.0 = Release|Any CPU
		{E845FC76-2029-4298-B023-21047B0542F9}.Release|x64.ActiveCfg = Release|Any CPU
		{E845FC76-2029-4298-B023-21047B0542F9}.Release|x64.Build.0 = Release|Any CPU
		{E845FC76-2029-4298-B023-21047B0542F9}.Release|x86.ActiveCfg = Release|Any CPU
		{E845FC76-2029-4298-B023-21047B0542F9}.Release|x86.Build.0 = Release|Any CPU
		{312C1736-0CD9-4706-9BDB-50F16B3670A8}.Debug|Any CPU.ActiveCfg = Debug|Any CPU
		{312C1736-0CD9-4706-9BDB-50F16B3670A8}.Debug|Any CPU.Build.0 = Debug|Any CPU
		{312C1736-0CD9-4706-9BDB-50F16B3670A8}.Debug|x64.ActiveCfg = Debug|Any CPU
		{312C1736-0CD9-4706-9BDB-50F16B3670A8}.Debug|x64.Build.0 = Debug|Any CPU
		{312C1736-0CD9-4706-9BDB-50F16B3670A8}.Debug|x86.ActiveCfg = Debug|Any CPU
		{312C1736-0CD9-4706-9BDB-50F16B3670A8}.Debug|x86.Build.0 = Debug|Any CPU
		{312C1736-0CD9-4706-9BDB-50F16B3670A8}.Release|Any CPU.ActiveCfg = Release|Any CPU
		{312C1736-0CD9-4706-9BDB-50F16B3670A8}.Release|Any CPU.Build.0 = Release|Any CPU
		{312C1736-0CD9-4706-9BDB-50F16B3670A8}.Release|x64.ActiveCfg = Release|Any CPU
		{312C1736-0CD9-4706-9BDB-50F16B3670A8}.Release|x64.Build.0 = Release|Any CPU
		{312C1736-0CD9-4706-9BDB-50F16B3670A8}.Release|x86.ActiveCfg = Release|Any CPU
		{312C1736-0CD9-4706-9BDB-50F16B3670A8}.Release|x86.Build.0 = Release|Any CPU
		{46633899-1C6D-4342-829D-E9F1057AD282}.Debug|Any CPU.ActiveCfg = Debug|Any CPU
		{46633899-1C6D-4342-829D-E9F1057AD282}.Debug|Any CPU.Build.0 = Debug|Any CPU
		{46633899-1C6D-4342-829D-E9F1057AD282}.Debug|x64.ActiveCfg = Debug|Any CPU
		{46633899-1C6D-4342-829D-E9F1057AD282}.Debug|x64.Build.0 = Debug|Any CPU
		{46633899-1C6D-4342-829D-E9F1057AD282}.Debug|x86.ActiveCfg = Debug|Any CPU
		{46633899-1C6D-4342-829D-E9F1057AD282}.Debug|x86.Build.0 = Debug|Any CPU
		{46633899-1C6D-4342-829D-E9F1057AD282}.Release|Any CPU.ActiveCfg = Release|Any CPU
		{46633899-1C6D-4342-829D-E9F1057AD282}.Release|Any CPU.Build.0 = Release|Any CPU
		{46633899-1C6D-4342-829D-E9F1057AD282}.Release|x64.ActiveCfg = Release|Any CPU
		{46633899-1C6D-4342-829D-E9F1057AD282}.Release|x64.Build.0 = Release|Any CPU
		{46633899-1C6D-4342-829D-E9F1057AD282}.Release|x86.ActiveCfg = Release|Any CPU
		{46633899-1C6D-4342-829D-E9F1057AD282}.Release|x86.Build.0 = Release|Any CPU
		{E48933C5-409F-4896-95BA-0E45CD03A96A}.Debug|Any CPU.ActiveCfg = Debug|Any CPU
		{E48933C5-409F-4896-95BA-0E45CD03A96A}.Debug|Any CPU.Build.0 = Debug|Any CPU
		{E48933C5-409F-4896-95BA-0E45CD03A96A}.Debug|x64.ActiveCfg = Debug|Any CPU
		{E48933C5-409F-4896-95BA-0E45CD03A96A}.Debug|x64.Build.0 = Debug|Any CPU
		{E48933C5-409F-4896-95BA-0E45CD03A96A}.Debug|x86.ActiveCfg = Debug|Any CPU
		{E48933C5-409F-4896-95BA-0E45CD03A96A}.Debug|x86.Build.0 = Debug|Any CPU
		{E48933C5-409F-4896-95BA-0E45CD03A96A}.Release|Any CPU.ActiveCfg = Release|Any CPU
		{E48933C5-409F-4896-95BA-0E45CD03A96A}.Release|Any CPU.Build.0 = Release|Any CPU
		{E48933C5-409F-4896-95BA-0E45CD03A96A}.Release|x64.ActiveCfg = Release|Any CPU
		{E48933C5-409F-4896-95BA-0E45CD03A96A}.Release|x64.Build.0 = Release|Any CPU
		{E48933C5-409F-4896-95BA-0E45CD03A96A}.Release|x86.ActiveCfg = Release|Any CPU
		{E48933C5-409F-4896-95BA-0E45CD03A96A}.Release|x86.Build.0 = Release|Any CPU
		{BCC45416-F665-4D51-B7F1-3FCF3073862F}.Debug|Any CPU.ActiveCfg = Debug|Any CPU
		{BCC45416-F665-4D51-B7F1-3FCF3073862F}.Debug|Any CPU.Build.0 = Debug|Any CPU
		{BCC45416-F665-4D51-B7F1-3FCF3073862F}.Debug|x64.ActiveCfg = Debug|Any CPU
		{BCC45416-F665-4D51-B7F1-3FCF3073862F}.Debug|x64.Build.0 = Debug|Any CPU
		{BCC45416-F665-4D51-B7F1-3FCF3073862F}.Debug|x86.ActiveCfg = Debug|Any CPU
		{BCC45416-F665-4D51-B7F1-3FCF3073862F}.Debug|x86.Build.0 = Debug|Any CPU
		{BCC45416-F665-4D51-B7F1-3FCF3073862F}.Release|Any CPU.ActiveCfg = Release|Any CPU
		{BCC45416-F665-4D51-B7F1-3FCF3073862F}.Release|Any CPU.Build.0 = Release|Any CPU
		{BCC45416-F665-4D51-B7F1-3FCF3073862F}.Release|x64.ActiveCfg = Release|Any CPU
		{BCC45416-F665-4D51-B7F1-3FCF3073862F}.Release|x64.Build.0 = Release|Any CPU
		{BCC45416-F665-4D51-B7F1-3FCF3073862F}.Release|x86.ActiveCfg = Release|Any CPU
		{BCC45416-F665-4D51-B7F1-3FCF3073862F}.Release|x86.Build.0 = Release|Any CPU
		{DE1453B7-5471-4410-A899-B5A5344BCC0B}.Debug|Any CPU.ActiveCfg = Debug|Any CPU
		{DE1453B7-5471-4410-A899-B5A5344BCC0B}.Debug|Any CPU.Build.0 = Debug|Any CPU
		{DE1453B7-5471-4410-A899-B5A5344BCC0B}.Debug|x64.ActiveCfg = Debug|Any CPU
		{DE1453B7-5471-4410-A899-B5A5344BCC0B}.Debug|x64.Build.0 = Debug|Any CPU
		{DE1453B7-5471-4410-A899-B5A5344BCC0B}.Debug|x86.ActiveCfg = Debug|Any CPU
		{DE1453B7-5471-4410-A899-B5A5344BCC0B}.Debug|x86.Build.0 = Debug|Any CPU
		{DE1453B7-5471-4410-A899-B5A5344BCC0B}.Release|Any CPU.ActiveCfg = Release|Any CPU
		{DE1453B7-5471-4410-A899-B5A5344BCC0B}.Release|Any CPU.Build.0 = Release|Any CPU
		{DE1453B7-5471-4410-A899-B5A5344BCC0B}.Release|x64.ActiveCfg = Release|Any CPU
		{DE1453B7-5471-4410-A899-B5A5344BCC0B}.Release|x64.Build.0 = Release|Any CPU
		{DE1453B7-5471-4410-A899-B5A5344BCC0B}.Release|x86.ActiveCfg = Release|Any CPU
		{DE1453B7-5471-4410-A899-B5A5344BCC0B}.Release|x86.Build.0 = Release|Any CPU
		{0C4F7CDA-93DE-4367-8F7B-399E55FAF0BC}.Debug|Any CPU.ActiveCfg = Debug|Any CPU
		{0C4F7CDA-93DE-4367-8F7B-399E55FAF0BC}.Debug|Any CPU.Build.0 = Debug|Any CPU
		{0C4F7CDA-93DE-4367-8F7B-399E55FAF0BC}.Debug|x64.ActiveCfg = Debug|Any CPU
		{0C4F7CDA-93DE-4367-8F7B-399E55FAF0BC}.Debug|x64.Build.0 = Debug|Any CPU
		{0C4F7CDA-93DE-4367-8F7B-399E55FAF0BC}.Debug|x86.ActiveCfg = Debug|Any CPU
		{0C4F7CDA-93DE-4367-8F7B-399E55FAF0BC}.Debug|x86.Build.0 = Debug|Any CPU
		{0C4F7CDA-93DE-4367-8F7B-399E55FAF0BC}.Release|Any CPU.ActiveCfg = Release|Any CPU
		{0C4F7CDA-93DE-4367-8F7B-399E55FAF0BC}.Release|Any CPU.Build.0 = Release|Any CPU
		{0C4F7CDA-93DE-4367-8F7B-399E55FAF0BC}.Release|x64.ActiveCfg = Release|Any CPU
		{0C4F7CDA-93DE-4367-8F7B-399E55FAF0BC}.Release|x64.Build.0 = Release|Any CPU
		{0C4F7CDA-93DE-4367-8F7B-399E55FAF0BC}.Release|x86.ActiveCfg = Release|Any CPU
		{0C4F7CDA-93DE-4367-8F7B-399E55FAF0BC}.Release|x86.Build.0 = Release|Any CPU
	EndGlobalSection
	GlobalSection(SolutionProperties) = preSolution
		HideSolutionNode = FALSE
	EndGlobalSection
	GlobalSection(NestedProjects) = preSolution
		{0671A2D9-725C-42B6-AC5B-F16539638BCC} = {5949FE96-46EC-4E66-95DD-28BA2F581C5D}
		{9F49D4BE-E6DA-41A0-90A7-5FA03D9E1DF1} = {5949FE96-46EC-4E66-95DD-28BA2F581C5D}
		{EE4E5967-CC91-4779-9EAA-5927FDFE87CF} = {5949FE96-46EC-4E66-95DD-28BA2F581C5D}
		{E2328C64-5410-41C9-948C-38F885D418C8} = {5949FE96-46EC-4E66-95DD-28BA2F581C5D}
		{E845FC76-2029-4298-B023-21047B0542F9} = {5949FE96-46EC-4E66-95DD-28BA2F581C5D}
		{312C1736-0CD9-4706-9BDB-50F16B3670A8} = {BC53341F-DA1C-4DC4-A728-131B47AAE418}
		{46633899-1C6D-4342-829D-E9F1057AD282} = {BC53341F-DA1C-4DC4-A728-131B47AAE418}
		{E48933C5-409F-4896-95BA-0E45CD03A96A} = {BC53341F-DA1C-4DC4-A728-131B47AAE418}
		{BCC45416-F665-4D51-B7F1-3FCF3073862F} = {BC53341F-DA1C-4DC4-A728-131B47AAE418}
		{DE1453B7-5471-4410-A899-B5A5344BCC0B} = {BC53341F-DA1C-4DC4-A728-131B47AAE418}
		{0C4F7CDA-93DE-4367-8F7B-399E55FAF0BC} = {BC53341F-DA1C-4DC4-A728-131B47AAE418}
	EndGlobalSection
EndGlobal
